
Microsoft Visual Studio Solution File, Format Version 12.00
# Visual Studio Version 17
VisualStudioVersion = 17.10.34928.147
MinimumVisualStudioVersion = 10.0.40219.1
Project("{9A19103F-16F7-4668-BE54-9A1E7A4F7556}") = "WheatherForecast", "WheatherForecast.csproj", "{7FFE7CFB-C2F1-47FC-90E0-6AB02954ABC1}"
EndProject
Project("{9A19103F-16F7-4668-BE54-9A1E7A4F7556}") = "NBomber_LoadTest", "..\NBomber_LoadTest\NBomber_LoadTest.csproj", "{91A7744B-33AF-4174-9397-07D0D0DFB6EE}"
EndProject
Project("{2150E333-8FDC-42A3-9474-1A3956D46DE8}") = "Solution Items", "Solution Items", "{290AA5D1-62F1-45E5-BC67-556D904B0D1C}"
	ProjectSection(SolutionItems) = preProject
		..\..\README.md = ..\..\README.md
	EndProjectSection
EndProject
Global
	GlobalSection(SolutionConfigurationPlatforms) = preSolution
		Debug|Any CPU = Debug|Any CPU
		Release|Any CPU = Release|Any CPU
	EndGlobalSection
	GlobalSection(ProjectConfigurationPlatforms) = postSolution
		{7FFE7CFB-C2F1-47FC-90E0-6AB02954ABC1}.Debug|Any CPU.ActiveCfg = Debug|Any CPU
		{7FFE7CFB-C2F1-47FC-90E0-6AB02954ABC1}.Debug|Any CPU.Build.0 = Debug|Any CPU
		{7FFE7CFB-C2F1-47FC-90E0-6AB02954ABC1}.Release|Any CPU.ActiveCfg = Release|Any CPU
		{7FFE7CFB-C2F1-47FC-90E0-6AB02954ABC1}.Release|Any CPU.Build.0 = Release|Any CPU
		{91A7744B-33AF-4174-9397-07D0D0DFB6EE}.Debug|Any CPU.ActiveCfg = Debug|Any CPU
		{91A7744B-33AF-4174-9397-07D0D0DFB6EE}.Debug|Any CPU.Build.0 = Debug|Any CPU
		{91A7744B-33AF-4174-9397-07D0D0DFB6EE}.Release|Any CPU.ActiveCfg = Release|Any CPU
		{91A7744B-33AF-4174-9397-07D0D0DFB6EE}.Release|Any CPU.Build.0 = Release|Any CPU
	EndGlobalSection
	GlobalSection(SolutionProperties) = preSolution
		HideSolutionNode = FALSE
	EndGlobalSection
	GlobalSection(ExtensibilityGlobals) = postSolution
		SolutionGuid = {796B9C8F-B888-4501-A02F-1B9D89EFE9DA}
	EndGlobalSection
EndGlobal
